
Microsoft Visual Studio Solution File, Format Version 12.00
# Visual Studio Version 17
VisualStudioVersion = 17.5.33414.496
MinimumVisualStudioVersion = 10.0.40219.1
Project("{9A19103F-16F7-4668-BE54-9A1E7A4F7556}") = "JewelryApp.Api", "JewelryApp\Server\JewelryApp.Api.csproj", "{8E3F392C-DCB4-43EB-9A99-6663794F3DBB}"
EndProject
Project("{9A19103F-16F7-4668-BE54-9A1E7A4F7556}") = "JewelryApp.Client", "JewelryApp\Client\JewelryApp.Client.csproj", "{A2E7C293-0E08-42BF-99D1-939358ABCE63}"
EndProject
Project("{9A19103F-16F7-4668-BE54-9A1E7A4F7556}") = "JewelryApp.Core", "JewelryApp.Common\JewelryApp.Core.csproj", "{F4EA76E0-D641-4FD1-A001-72EC0B17279D}"
EndProject
Project("{9A19103F-16F7-4668-BE54-9A1E7A4F7556}") = "JewelryApp.Infrastructure", "JewelryApp.Data\JewelryApp.Infrastructure.csproj", "{BC55540D-336A-4587-8703-C11F0DA78B1E}"
EndProject
Project("{9A19103F-16F7-4668-BE54-9A1E7A4F7556}") = "JewelryApp.Application", "JewelryApp.Business\JewelryApp.Application.csproj", "{7A029A13-5E00-4807-81FB-4BB5F83E499D}"
EndProject
Project("{2150E333-8FDC-42A3-9474-1A3956D46DE8}") = "Client", "Client", "{2E6D999C-08F9-4F90-8B3F-97F269FDFFDE}"
EndProject
Project("{2150E333-8FDC-42A3-9474-1A3956D46DE8}") = "Server", "Server", "{6B0FC98E-7CCA-4445-87A0-6060E8CBE0E7}"
EndProject
Project("{2150E333-8FDC-42A3-9474-1A3956D46DE8}") = "Shared", "Shared", "{0D9131D7-8DC3-4F01-9076-3554BB68BE6C}"
EndProject
Project("{9A19103F-16F7-4668-BE54-9A1E7A4F7556}") = "JewelryApp.Shared", "JewelryApp.Shared\JewelryApp.Shared.csproj", "{CF2259D0-CF0E-40B2-B535-793507749C5D}"
EndProject
Project("{9A19103F-16F7-4668-BE54-9A1E7A4F7556}") = "JewelryApp.Client.Services", "JewelryApp.Client.Services\JewelryApp.Client.Services.csproj", "{F4F3FF00-0794-411E-A236-94A23F94C6AD}"
EndProject
Global
	GlobalSection(SolutionConfigurationPlatforms) = preSolution
		Debug|Any CPU = Debug|Any CPU
		Release|Any CPU = Release|Any CPU
	EndGlobalSection
	GlobalSection(ProjectConfigurationPlatforms) = postSolution
		{8E3F392C-DCB4-43EB-9A99-6663794F3DBB}.Debug|Any CPU.ActiveCfg = Debug|Any CPU
		{8E3F392C-DCB4-43EB-9A99-6663794F3DBB}.Debug|Any CPU.Build.0 = Debug|Any CPU
		{8E3F392C-DCB4-43EB-9A99-6663794F3DBB}.Release|Any CPU.ActiveCfg = Release|Any CPU
		{8E3F392C-DCB4-43EB-9A99-6663794F3DBB}.Release|Any CPU.Build.0 = Release|Any CPU
		{A2E7C293-0E08-42BF-99D1-939358ABCE63}.Debug|Any CPU.ActiveCfg = Debug|Any CPU
		{A2E7C293-0E08-42BF-99D1-939358ABCE63}.Debug|Any CPU.Build.0 = Debug|Any CPU
		{A2E7C293-0E08-42BF-99D1-939358ABCE63}.Release|Any CPU.ActiveCfg = Release|Any CPU
		{A2E7C293-0E08-42BF-99D1-939358ABCE63}.Release|Any CPU.Build.0 = Release|Any CPU
		{F4EA76E0-D641-4FD1-A001-72EC0B17279D}.Debug|Any CPU.ActiveCfg = Debug|Any CPU
		{F4EA76E0-D641-4FD1-A001-72EC0B17279D}.Debug|Any CPU.Build.0 = Debug|Any CPU
		{F4EA76E0-D641-4FD1-A001-72EC0B17279D}.Release|Any CPU.ActiveCfg = Release|Any CPU
		{F4EA76E0-D641-4FD1-A001-72EC0B17279D}.Release|Any CPU.Build.0 = Release|Any CPU
		{BC55540D-336A-4587-8703-C11F0DA78B1E}.Debug|Any CPU.ActiveCfg = Debug|Any CPU
		{BC55540D-336A-4587-8703-C11F0DA78B1E}.Debug|Any CPU.Build.0 = Debug|Any CPU
		{BC55540D-336A-4587-8703-C11F0DA78B1E}.Release|Any CPU.ActiveCfg = Release|Any CPU
		{BC55540D-336A-4587-8703-C11F0DA78B1E}.Release|Any CPU.Build.0 = Release|Any CPU
		{7A029A13-5E00-4807-81FB-4BB5F83E499D}.Debug|Any CPU.ActiveCfg = Debug|Any CPU
		{7A029A13-5E00-4807-81FB-4BB5F83E499D}.Debug|Any CPU.Build.0 = Debug|Any CPU
		{7A029A13-5E00-4807-81FB-4BB5F83E499D}.Release|Any CPU.ActiveCfg = Release|Any CPU
		{7A029A13-5E00-4807-81FB-4BB5F83E499D}.Release|Any CPU.Build.0 = Release|Any CPU
		{CF2259D0-CF0E-40B2-B535-793507749C5D}.Debug|Any CPU.ActiveCfg = Debug|Any CPU
		{CF2259D0-CF0E-40B2-B535-793507749C5D}.Debug|Any CPU.Build.0 = Debug|Any CPU
		{CF2259D0-CF0E-40B2-B535-793507749C5D}.Release|Any CPU.ActiveCfg = Release|Any CPU
		{CF2259D0-CF0E-40B2-B535-793507749C5D}.Release|Any CPU.Build.0 = Release|Any CPU
		{F4F3FF00-0794-411E-A236-94A23F94C6AD}.Debug|Any CPU.ActiveCfg = Debug|Any CPU
		{F4F3FF00-0794-411E-A236-94A23F94C6AD}.Debug|Any CPU.Build.0 = Debug|Any CPU
		{F4F3FF00-0794-411E-A236-94A23F94C6AD}.Release|Any CPU.ActiveCfg = Release|Any CPU
		{F4F3FF00-0794-411E-A236-94A23F94C6AD}.Release|Any CPU.Build.0 = Release|Any CPU
	EndGlobalSection
	GlobalSection(SolutionProperties) = preSolution
		HideSolutionNode = FALSE
	EndGlobalSection
	GlobalSection(NestedProjects) = preSolution
		{8E3F392C-DCB4-43EB-9A99-6663794F3DBB} = {6B0FC98E-7CCA-4445-87A0-6060E8CBE0E7}
		{A2E7C293-0E08-42BF-99D1-939358ABCE63} = {2E6D999C-08F9-4F90-8B3F-97F269FDFFDE}
		{F4EA76E0-D641-4FD1-A001-72EC0B17279D} = {6B0FC98E-7CCA-4445-87A0-6060E8CBE0E7}
		{BC55540D-336A-4587-8703-C11F0DA78B1E} = {6B0FC98E-7CCA-4445-87A0-6060E8CBE0E7}
		{7A029A13-5E00-4807-81FB-4BB5F83E499D} = {6B0FC98E-7CCA-4445-87A0-6060E8CBE0E7}
		{CF2259D0-CF0E-40B2-B535-793507749C5D} = {0D9131D7-8DC3-4F01-9076-3554BB68BE6C}
		{F4F3FF00-0794-411E-A236-94A23F94C6AD} = {2E6D999C-08F9-4F90-8B3F-97F269FDFFDE}
	EndGlobalSection
	GlobalSection(ExtensibilityGlobals) = postSolution
		SolutionGuid = {A5C77FE9-8D36-476E-8862-EFF4848E56E9}
	EndGlobalSection
EndGlobal
